
Microsoft Visual Studio Solution File, Format Version 12.00
# Visual Studio Version 17
VisualStudioVersion = 17.11.35219.272
MinimumVisualStudioVersion = 10.0.40219.1
Project("{FAE04EC0-301F-11D3-BF4B-00C04F79EFBC}") = "ServiceOrderManager", "ServiceOrderManager\ServiceOrderManager.csproj", "{41A92B20-899A-4276-9ABA-B8E0686157FD}"
EndProject
Global
	GlobalSection(SolutionConfigurationPlatforms) = preSolution
		Debug|Any CPU = Debug|Any CPU
		Release|Any CPU = Release|Any CPU
	EndGlobalSection
	GlobalSection(ProjectConfigurationPlatforms) = postSolution
		{41A92B20-899A-4276-9ABA-B8E0686157FD}.Debug|Any CPU.ActiveCfg = Debug|Any CPU
		{41A92B20-899A-4276-9ABA-B8E0686157FD}.Debug|Any CPU.Build.0 = Debug|Any CPU
		{41A92B20-899A-4276-9ABA-B8E0686157FD}.Release|Any CPU.ActiveCfg = Release|Any CPU
		{41A92B20-899A-4276-9ABA-B8E0686157FD}.Release|Any CPU.Build.0 = Release|Any CPU
	EndGlobalSection
	GlobalSection(SolutionProperties) = preSolution
		HideSolutionNode = FALSE
	EndGlobalSection
	GlobalSection(ExtensibilityGlobals) = postSolution
		SolutionGuid = {023ED210-E33D-4539-8CD8-A35F79BE5B16}
	EndGlobalSection
EndGlobal
